<?xml version="1.0" encoding="utf-8"?>
<Project ToolsVersion="4.0" xmlns="http://schemas.microsoft.com/developer/msbuild/2003">
  <ItemGroup>
    <Filter Include="Source Files">
      <UniqueIdentifier>{4FC737F1-C7A5-4376-A066-2A32D752A2FF}</UniqueIdentifier>
      <Extensions>cpp;c;cc;cxx;c++;cppm;ixx;def;odl;idl;hpj;bat;asm;asmx</Extensions>
    </Filter>
    <Filter Include="Header Files">
      <UniqueIdentifier>{93995380-89BD-4b04-88EB-625FBE52EBFB}</UniqueIdentifier>
      <Extensions>h;hh;hpp;hxx;h++;hm;inl;inc;ipp;xsd</Extensions>
    </Filter>
    <Filter Include="Resource Files">
      <UniqueIdentifier>{67DA6AB6-F800-4c08-8B7A-83BB121AAD01}</UniqueIdentifier>
      <Extensions>rc;ico;cur;bmp;dlg;rc2;rct;bin;rgs;gif;jpg;jpeg;jpe;resx;tiff;tif;png;wav;mfcribbon-ms</Extensions>
    </Filter>
    <Filter Include="Header Files\Logger">
      <UniqueIdentifier>{6c3ebcea-b816-4284-93fd-86d94d7b64e5}</UniqueIdentifier>
    </Filter>
    <Filter Include="Source Files\Logger">
      <UniqueIdentifier>{59dc8645-0997-4c6b-96a0-ba0367cde1d4}</UniqueIdentifier>
    </Filter>
    <Filter Include="Header Files\FSM">
      <UniqueIdentifier>{afed8d1e-baec-4c3a-92e5-288f1ae85e5f}</UniqueIdentifier>
    </Filter>
    <Filter Include="Source Files\FSM">
      <UniqueIdentifier>{dfb43cb1-e7ff-4045-9a56-064afcbc50b3}</UniqueIdentifier>
    </Filter>
    <Filter Include="Header Files\TaskManager">
      <UniqueIdentifier>{6665627f-53fb-4e91-8c5d-13ea47cb1e60}</UniqueIdentifier>
    </Filter>
    <Filter Include="Source Files\TaskManager">
      <UniqueIdentifier>{b7f96361-c3d9-43f8-8805-f18db7dd6d1b}</UniqueIdentifier>
    </Filter>
  </ItemGroup>
  <ItemGroup>
    <ClCompile Include="EGTSolution.cpp">
      <Filter>Source Files</Filter>
    </ClCompile>
    <ClCompile Include="LogStream.cpp">
      <Filter>Source Files\Logger</Filter>
    </ClCompile>
    <ClCompile Include="LogCategory.cpp">
      <Filter>Source Files\Logger</Filter>
    </ClCompile>
    <ClCompile Include="Logger.cpp">
      <Filter>Source Files\Logger</Filter>
    </ClCompile>
    <ClCompile Include="FSM.cpp">
      <Filter>Source Files\FSM</Filter>
    </ClCompile>
    <ClCompile Include="FSMState1.cpp">
      <Filter>Source Files\FSM</Filter>
    </ClCompile>
    <ClCompile Include="FSMState2.cpp">
      <Filter>Source Files\FSM</Filter>
    </ClCompile>
    <ClCompile Include="FSMState3.cpp">
      <Filter>Source Files\FSM</Filter>
    </ClCompile>
    <ClCompile Include="TaskManager.cpp">
      <Filter>Source Files\TaskManager</Filter>
    </ClCompile>
    <ClCompile Include="Task.cpp">
      <Filter>Source Files\TaskManager</Filter>
    </ClCompile>
    <ClCompile Include="Action.cpp">
      <Filter>Source Files\TaskManager</Filter>
    </ClCompile>
    <ClCompile Include="LogAction.cpp">
      <Filter>Source Files\TaskManager</Filter>
    </ClCompile>
    <ClCompile Include="WaitAction.cpp">
      <Filter>Source Files\TaskManager</Filter>
    </ClCompile>
  </ItemGroup>
  <ItemGroup>
    <ClInclude Include="Logger.h">
      <Filter>Header Files\Logger</Filter>
    </ClInclude>
    <ClInclude Include="LogStream.h">
      <Filter>Header Files\Logger</Filter>
    </ClInclude>
    <ClInclude Include="LogEnums.h">
      <Filter>Header Files\Logger</Filter>
    </ClInclude>
    <ClInclude Include="LogCategory.h">
      <Filter>Header Files\Logger</Filter>
    </ClInclude>
    <ClInclude Include="FSMState.h">
      <Filter>Header Files\FSM</Filter>
    </ClInclude>
    <ClInclude Include="FSM.h">
      <Filter>Header Files\FSM</Filter>
    </ClInclude>
    <ClInclude Include="FSMState1.h">
      <Filter>Header Files\FSM</Filter>
    </ClInclude>
    <ClInclude Include="FSMState2.h">
      <Filter>Header Files\FSM</Filter>
    </ClInclude>
    <ClInclude Include="FSMState3.h">
      <Filter>Header Files\FSM</Filter>
    </ClInclude>
    <ClInclude Include="TaskManager.h">
      <Filter>Header Files\TaskManager</Filter>
    </ClInclude>
    <ClInclude Include="Task.h">
      <Filter>Header Files\TaskManager</Filter>
    </ClInclude>
    <ClInclude Include="Action.h">
      <Filter>Header Files\TaskManager</Filter>
    </ClInclude>
    <ClInclude Include="LogAction.h">
      <Filter>Header Files\TaskManager</Filter>
    </ClInclude>
    <ClInclude Include="WaitAction.h">
      <Filter>Header Files\TaskManager</Filter>
    </ClInclude>
  </ItemGroup>
</Project>